{
    "_readme": [
        "This file locks the dependencies of your project to a known state",
        "Read more about it at https://getcomposer.org/doc/01-basic-usage.md#installing-dependencies",
        "This file is @generated automatically"
    ],
    "content-hash": "01bbd7fa1ed53ffaaa0e8da94333adf1",
    "packages": [
        {
            "name": "myth/auth",
            "version": "v1.2.1",
            "source": {
                "type": "git",
                "url": "https://github.com/lonnieezell/myth-auth.git",
                "reference": "7d0347faa47bd754d2dc49593a9852800be73986"
            },
            "dist": {
                "type": "zip",
                "url": "https://api.github.com/repos/lonnieezell/myth-auth/zipball/7d0347faa47bd754d2dc49593a9852800be73986",
                "reference": "7d0347faa47bd754d2dc49593a9852800be73986",
                "shasum": ""
            },
            "require": {
                "php": "^7.4 || ^8.0"
            },
            "provide": {
                "codeigniter4/authentication-implementation": "1.0"
            },
            "require-dev": {
                "codeigniter4/codeigniter4-standard": "^1.0",
                "codeigniter4/devkit": "^1.0",
                "codeigniter4/framework": "^4.1",
                "mockery/mockery": "^1.0"
            },
            "type": "library",
            "autoload": {
                "psr-4": {
                    "Myth\\Auth\\": "src"
                },
                "exclude-from-classmap": [
                    "**/Database/Migrations/**"
                ]
            },
            "notification-url": "https://packagist.org/downloads/",
            "license": [
                "MIT"
            ],
            "authors": [
                {
                    "name": "Lonnie Ezell",
                    "email": "lonnieje@gmail.com",
                    "homepage": "http://newmythmedia.com",
                    "role": "Developer"
                }
            ],
            "description": "Flexible authentication/authorization system for CodeIgniter 4.",
            "homepage": "https://github.com/lonnieezell/myth-auth",
            "keywords": [
                "Authentication",
                "authorization",
                "codeigniter"
            ],
            "support": {
                "issues": "https://github.com/lonnieezell/myth-auth/issues",
                "source": "https://github.com/lonnieezell/myth-auth/tree/v1.2.1"
            },
            "funding": [
                {
                    "url": "https://github.com/lonnieezell",
                    "type": "github"
                },
                {
                    "url": "https://github.com/mgatner",
                    "type": "github"
                },
                {
                    "url": "https://www.patreon.com/lonnieezell",
                    "type": "patreon"
                }
            ],
            "time": "2022-07-13T18:35:46+00:00"
        }
    ],
    "packages-dev": [],
    "aliases": [],
    "minimum-stability": "stable",
    "stability-flags": {},
    "prefer-stable": false,
    "prefer-lowest": false,
    "platform": {},
    "platform-dev": {},
    "plugin-api-version": "2.6.0"
}
